# THIS IS AN AUTOGENERATED FILE. DO NOT EDIT THIS FILE DIRECTLY.
# yarn lockfile v1


prettier@2.5.1:
  version "2.5.1"
  resolved "https://registry.yarnpkg.com/prettier/-/prettier-2.5.1.tgz#fff75fa9d519c54cf0fce328c1017d94546bc56a"
  integrity sha512-vBZcPRUR5MZJwoyi3ZoyQlc1rXeEck8KgeC9AwwOn+exuxLxq5toTRDTSaVrXHxelDMHy9zlicw8u66yxoSUFg==

querystringify@^2.1.1:
  version "2.1.1"
  resolved "https://registry.yarnpkg.com/querystringify/-/querystringify-2.1.1.tgz#60e5a5fd64a7f8bfa4d2ab2ed6fdf4c85bad154e"
  integrity sha512-w7fLxIRCRT7U8Qu53jQnJyPkYZIaR4n5151KMfcJlO/A9397Wxb1amJvROTK6TOnp7PfoAmg/qXiNHI+08jRfA==

requires-port@^1.0.0:
  version "1.0.0"
  resolved "https://registry.yarnpkg.com/requires-port/-/requires-port-1.0.0.tgz#925d2601d39ac485e091cf0da5c6e694dc3dcaff"
  integrity sha1-kl0mAdOaxIXgkc8NpcbmlNw9yv8=

url-parse@1.5.9:
  version "1.5.9"
  resolved "https://registry.yarnpkg.com/url-parse/-/url-parse-1.5.9.tgz#05ff26484a0b5e4040ac64dcee4177223d74675e"
  integrity sha512-HpOvhKBvre8wYez+QhHcYiVvVmeF6DVnuSOOPhe3cTum3BnqHhvKaZm8FU5yTiOu/Jut2ZpB2rA/SbBA1JIGlQ==
  dependencies:
    querystringify "^2.1.1"
    requires-port "^1.0.0"
